lockfileVersion: '9.0'

settings:
  autoInstallPeers: true
  excludeLinksFromLockfile: false

importers:

  .:
    dependencies:
      '@starter-kit/utils':
        specifier: workspace:*
        version: link:../../../utils
      clsx:
        specifier: ^2.1.1
        version: 2.1.1
      tailwind-merge:
        specifier: ^1.13.2
        version: 1.14.0
    devDependencies:
      '@starter-kit/eslint-config-custom':
        specifier: workspace:*
        version: link:../../../eslint-config-custom
      '@starter-kit/tsconfig':
        specifier: workspace:*
        version: link:../../../tsconfig

packages:

  clsx@2.1.1:
    resolution: {integrity: sha512-eYm0QWBtUrBWZWG0d386OGAw16Z995PiOVo2B7bjWSbHedGl5e0ZWaq65kOGgUSNesEIDkB9ISbTg/JK9dhCZA==}
    engines: {node: '>=6'}

  tailwind-merge@1.14.0:
    resolution: {integrity: sha512-3mFKyCo/MBcgyOTlrY8T7odzZFx+w+qKSMAmdFzRvqBfLlSigU6TZnlFHK0lkMwj9Bj8OYU+9yW9lmGuS0QEnQ==}

snapshots:

  clsx@2.1.1: {}

  tailwind-merge@1.14.0: {}
